
Microsoft Visual Studio Solution File, Format Version 12.00
# Visual Studio Version 16
VisualStudioVersion = 16.0.810.16
MinimumVisualStudioVersion = 10.0.40219.1
Project("{FAE04EC0-301F-11D3-BF4B-00C04F79EFBC}") = "AlchemyNotes", "AlchemyNotes\AlchemyNotes.csproj", "{D6BF032B-2F72-4DDC-91AB-982BBD08393D}"
EndProject
Global
	GlobalSection(SolutionConfigurationPlatforms) = preSolution
		Debug|Any CPU = Debug|Any CPU
		Release|Any CPU = Release|Any CPU
	EndGlobalSection
	GlobalSection(ProjectConfigurationPlatforms) = postSolution
		{D6BF032B-2F72-4DDC-91AB-982BBD08393D}.Debug|Any CPU.ActiveCfg = Debug|Any CPU
		{D6BF032B-2F72-4DDC-91AB-982BBD08393D}.Debug|Any CPU.Build.0 = Debug|Any CPU
		{D6BF032B-2F72-4DDC-91AB-982BBD08393D}.Release|Any CPU.ActiveCfg = Release|Any CPU
		{D6BF032B-2F72-4DDC-91AB-982BBD08393D}.Release|Any CPU.Build.0 = Release|Any CPU
	EndGlobalSection
	GlobalSection(SolutionProperties) = preSolution
		HideSolutionNode = FALSE
	EndGlobalSection
	GlobalSection(ExtensibilityGlobals) = postSolution
		SolutionGuid = {1AEC82CA-16D8-49A9-B522-1231329A0BE3}
	EndGlobalSection
EndGlobal
